
Microsoft Visual Studio Solution File, Format Version 12.00
# Visual Studio Version 17
VisualStudioVersion = 17.0.31903.59
MinimumVisualStudioVersion = 10.0.40219.1
Project("{FAE04EC0-301F-11D3-BF4B-00C04F79EFBC}") = "Pokok.BuildingBlocks.Persistence", "Pokok.BuildingBlocks.Persistence\Pokok.BuildingBlocks.Persistence.csproj", "{AA730583-BBA5-42B8-A8DA-AA9D0D5B613F}"
EndProject
Project("{FAE04EC0-301F-11D3-BF4B-00C04F79EFBC}") = "Pokok.BuildingBlocks.Common", "Pokok.BuildingBlocks.Common\Pokok.BuildingBlocks.Common.csproj", "{67CE4E70-1B80-458B-A98C-6F081E7E4A94}"
EndProject
Project("{FAE04EC0-301F-11D3-BF4B-00C04F79EFBC}") = "Pokok.BuildingBlocks.Domain", "Pokok.BuildingBlocks.Domain\Pokok.BuildingBlocks.Domain.csproj", "{02CC3B44-CEA4-4C15-BAC6-1086CA6F306D}"
EndProject
Project("{FAE04EC0-301F-11D3-BF4B-00C04F79EFBC}") = "Pokok.BuildingBlocks.MultiTenancy", "Pokok.BuildingBlocks.MultiTenancy\Pokok.BuildingBlocks.MultiTenancy.csproj", "{11CDFA46-9B08-439A-BDDB-77296E8F32C5}"
EndProject
Global
	GlobalSection(SolutionConfigurationPlatforms) = preSolution
		Debug|Any CPU = Debug|Any CPU
		Debug|x64 = Debug|x64
		Debug|x86 = Debug|x86
		Release|Any CPU = Release|Any CPU
		Release|x64 = Release|x64
		Release|x86 = Release|x86
	EndGlobalSection
	GlobalSection(ProjectConfigurationPlatforms) = postSolution
		{AA730583-BBA5-42B8-A8DA-AA9D0D5B613F}.Debug|Any CPU.ActiveCfg = Debug|Any CPU
		{AA730583-BBA5-42B8-A8DA-AA9D0D5B613F}.Debug|Any CPU.Build.0 = Debug|Any CPU
		{AA730583-BBA5-42B8-A8DA-AA9D0D5B613F}.Debug|x64.ActiveCfg = Debug|Any CPU
		{AA730583-BBA5-42B8-A8DA-AA9D0D5B613F}.Debug|x64.Build.0 = Debug|Any CPU
		{AA730583-BBA5-42B8-A8DA-AA9D0D5B613F}.Debug|x86.ActiveCfg = Debug|Any CPU
		{AA730583-BBA5-42B8-A8DA-AA9D0D5B613F}.Debug|x86.Build.0 = Debug|Any CPU
		{AA730583-BBA5-42B8-A8DA-AA9D0D5B613F}.Release|Any CPU.ActiveCfg = Release|Any CPU
		{AA730583-BBA5-42B8-A8DA-AA9D0D5B613F}.Release|Any CPU.Build.0 = Release|Any CPU
		{AA730583-BBA5-42B8-A8DA-AA9D0D5B613F}.Release|x64.ActiveCfg = Release|Any CPU
		{AA730583-BBA5-42B8-A8DA-AA9D0D5B613F}.Release|x64.Build.0 = Release|Any CPU
		{AA730583-BBA5-42B8-A8DA-AA9D0D5B613F}.Release|x86.ActiveCfg = Release|Any CPU
		{AA730583-BBA5-42B8-A8DA-AA9D0D5B613F}.Release|x86.Build.0 = Release|Any CPU
		{67CE4E70-1B80-458B-A98C-6F081E7E4A94}.Debug|Any CPU.ActiveCfg = Debug|Any CPU
		{67CE4E70-1B80-458B-A98C-6F081E7E4A94}.Debug|Any CPU.Build.0 = Debug|Any CPU
		{67CE4E70-1B80-458B-A98C-6F081E7E4A94}.Debug|x64.ActiveCfg = Debug|Any CPU
		{67CE4E70-1B80-458B-A98C-6F081E7E4A94}.Debug|x64.Build.0 = Debug|Any CPU
		{67CE4E70-1B80-458B-A98C-6F081E7E4A94}.Debug|x86.ActiveCfg = Debug|Any CPU
		{67CE4E70-1B80-458B-A98C-6F081E7E4A94}.Debug|x86.Build.0 = Debug|Any CPU
		{67CE4E70-1B80-458B-A98C-6F081E7E4A94}.Release|Any CPU.ActiveCfg = Release|Any CPU
		{67CE4E70-1B80-458B-A98C-6F081E7E4A94}.Release|Any CPU.Build.0 = Release|Any CPU
		{67CE4E70-1B80-458B-A98C-6F081E7E4A94}.Release|x64.ActiveCfg = Release|Any CPU
		{67CE4E70-1B80-458B-A98C-6F081E7E4A94}.Release|x64.Build.0 = Release|Any CPU
		{67CE4E70-1B80-458B-A98C-6F081E7E4A94}.Release|x86.ActiveCfg = Release|Any CPU
		{67CE4E70-1B80-458B-A98C-6F081E7E4A94}.Release|x86.Build.0 = Release|Any CPU
		{02CC3B44-CEA4-4C15-BAC6-1086CA6F306D}.Debug|Any CPU.ActiveCfg = Debug|Any CPU
		{02CC3B44-CEA4-4C15-BAC6-1086CA6F306D}.Debug|Any CPU.Build.0 = Debug|Any CPU
		{02CC3B44-CEA4-4C15-BAC6-1086CA6F306D}.Debug|x64.ActiveCfg = Debug|Any CPU
		{02CC3B44-CEA4-4C15-BAC6-1086CA6F306D}.Debug|x64.Build.0 = Debug|Any CPU
		{02CC3B44-CEA4-4C15-BAC6-1086CA6F306D}.Debug|x86.ActiveCfg = Debug|Any CPU
		{02CC3B44-CEA4-4C15-BAC6-1086CA6F306D}.Debug|x86.Build.0 = Debug|Any CPU
		{02CC3B44-CEA4-4C15-BAC6-1086CA6F306D}.Release|Any CPU.ActiveCfg = Release|Any CPU
		{02CC3B44-CEA4-4C15-BAC6-1086CA6F306D}.Release|Any CPU.Build.0 = Release|Any CPU
		{02CC3B44-CEA4-4C15-BAC6-1086CA6F306D}.Release|x64.ActiveCfg = Release|Any CPU
		{02CC3B44-CEA4-4C15-BAC6-1086CA6F306D}.Release|x64.Build.0 = Release|Any CPU
		{02CC3B44-CEA4-4C15-BAC6-1086CA6F306D}.Release|x86.ActiveCfg = Release|Any CPU
		{02CC3B44-CEA4-4C15-BAC6-1086CA6F306D}.Release|x86.Build.0 = Release|Any CPU
		{11CDFA46-9B08-439A-BDDB-77296E8F32C5}.Debug|Any CPU.ActiveCfg = Debug|Any CPU
		{11CDFA46-9B08-439A-BDDB-77296E8F32C5}.Debug|Any CPU.Build.0 = Debug|Any CPU
		{11CDFA46-9B08-439A-BDDB-77296E8F32C5}.Debug|x64.ActiveCfg = Debug|Any CPU
		{11CDFA46-9B08-439A-BDDB-77296E8F32C5}.Debug|x64.Build.0 = Debug|Any CPU
		{11CDFA46-9B08-439A-BDDB-77296E8F32C5}.Debug|x86.ActiveCfg = Debug|Any CPU
		{11CDFA46-9B08-439A-BDDB-77296E8F32C5}.Debug|x86.Build.0 = Debug|Any CPU
		{11CDFA46-9B08-439A-BDDB-77296E8F32C5}.Release|Any CPU.ActiveCfg = Release|Any CPU
		{11CDFA46-9B08-439A-BDDB-77296E8F32C5}.Release|Any CPU.Build.0 = Release|Any CPU
		{11CDFA46-9B08-439A-BDDB-77296E8F32C5}.Release|x64.ActiveCfg = Release|Any CPU
		{11CDFA46-9B08-439A-BDDB-77296E8F32C5}.Release|x64.Build.0 = Release|Any CPU
		{11CDFA46-9B08-439A-BDDB-77296E8F32C5}.Release|x86.ActiveCfg = Release|Any CPU
		{11CDFA46-9B08-439A-BDDB-77296E8F32C5}.Release|x86.Build.0 = Release|Any CPU
	EndGlobalSection
	GlobalSection(SolutionProperties) = preSolution
		HideSolutionNode = FALSE
	EndGlobalSection
	GlobalSection(ExtensibilityGlobals) = postSolution
		SolutionGuid = {92D8DFE5-1E87-4954-A94F-4C07C8AD2996}
	EndGlobalSection
EndGlobal
