
Microsoft Visual Studio Solution File, Format Version 12.00
# Visual Studio Version 17
VisualStudioVersion = 17.0.31903.59
MinimumVisualStudioVersion = 10.0.40219.1
Project("{2150E333-8FDC-42A3-9474-1A3956D46DE8}") = "src", "src", "{827E0CD3-B72D-47B6-A68D-7590B98EB39B}"
EndProject
Project("{FAE04EC0-301F-11D3-BF4B-00C04F79EFBC}") = "Pokok.BuildingBlocks.Domain", "src\Pokok.BuildingBlocks.Domain\Pokok.BuildingBlocks.Domain.csproj", "{5F9385CA-5BDB-4063-A052-EDBFB8E5E833}"
EndProject
Project("{FAE04EC0-301F-11D3-BF4B-00C04F79EFBC}") = "Pokok.BuildingBlocks.Persistence", "src\Pokok.BuildingBlocks.Persistence\Pokok.BuildingBlocks.Persistence.csproj", "{E195A3E4-FDC9-4351-9F3B-07B587B7E63B}"
EndProject
Project("{FAE04EC0-301F-11D3-BF4B-00C04F79EFBC}") = "Pokok.BuildingBlocks.Common", "src\Pokok.BuildingBlocks.Common\Pokok.BuildingBlocks.Common.csproj", "{134A444D-4CD6-4EBE-B9BF-A03147A4D779}"
EndProject
Project("{FAE04EC0-301F-11D3-BF4B-00C04F79EFBC}") = "Pokok.BuildingBlocks.MultiTenancy", "src\Pokok.BuildingBlocks.MultiTenancy\Pokok.BuildingBlocks.MultiTenancy.csproj", "{4D407AAE-A084-4F60-BB6E-535B42586A41}"
EndProject
Project("{FAE04EC0-301F-11D3-BF4B-00C04F79EFBC}") = "Pokok.BuildingBlocks.Cqrs", "src\Pokok.BuildingBlocks.Cqrs\Pokok.BuildingBlocks.Cqrs.csproj", "{223666F2-AAE2-41C2-B28C-5A95FA69AA0D}"
EndProject
Project("{2150E333-8FDC-42A3-9474-1A3956D46DE8}") = ".github", ".github", "{02EA681E-C7D8-13C7-8484-4AC65E1B71E8}"
EndProject
Project("{2150E333-8FDC-42A3-9474-1A3956D46DE8}") = "workflows", "workflows", "{25A8C428-D371-4F5B-82FF-7EBC6A142DF2}"
	ProjectSection(SolutionItems) = preProject
		.github\workflows\nuget-publish.yml = .github\workflows\nuget-publish.yml
	EndProjectSection
EndProject
Project("{FAE04EC0-301F-11D3-BF4B-00C04F79EFBC}") = "Pokok.BuildingBlocks.Outbox", "src\Pokok.BuildingBlocks.Outbox\Pokok.BuildingBlocks.Outbox.csproj", "{C745EF46-0B94-9C5B-0ECF-0D66E7B150FF}"
EndProject
Project("{FAE04EC0-301F-11D3-BF4B-00C04F79EFBC}") = "Pokok.Messaging.Email", "src\Pokok.Messaging.Email\Pokok.Messaging.Email.csproj", "{4CD53201-EB53-4D17-B25F-DB88FCB8BDE0}"
EndProject
Project("{FAE04EC0-301F-11D3-BF4B-00C04F79EFBC}") = "Pokok.BuildingBlocks.Messaging", "src\Pokok.BuildingBlocks.Messaging\Pokok.BuildingBlocks.Messaging.csproj", "{2A5D19ED-A1B1-4731-AF99-61456513E7C6}"
EndProject
Global
	GlobalSection(SolutionConfigurationPlatforms) = preSolution
		Debug|Any CPU = Debug|Any CPU
		Debug|x64 = Debug|x64
		Debug|x86 = Debug|x86
		Release|Any CPU = Release|Any CPU
		Release|x64 = Release|x64
		Release|x86 = Release|x86
	EndGlobalSection
	GlobalSection(ProjectConfigurationPlatforms) = postSolution
		{5F9385CA-5BDB-4063-A052-EDBFB8E5E833}.Debug|Any CPU.ActiveCfg = Debug|Any CPU
		{5F9385CA-5BDB-4063-A052-EDBFB8E5E833}.Debug|Any CPU.Build.0 = Debug|Any CPU
		{5F9385CA-5BDB-4063-A052-EDBFB8E5E833}.Debug|x64.ActiveCfg = Debug|Any CPU
		{5F9385CA-5BDB-4063-A052-EDBFB8E5E833}.Debug|x64.Build.0 = Debug|Any CPU
		{5F9385CA-5BDB-4063-A052-EDBFB8E5E833}.Debug|x86.ActiveCfg = Debug|Any CPU
		{5F9385CA-5BDB-4063-A052-EDBFB8E5E833}.Debug|x86.Build.0 = Debug|Any CPU
		{5F9385CA-5BDB-4063-A052-EDBFB8E5E833}.Release|Any CPU.ActiveCfg = Release|Any CPU
		{5F9385CA-5BDB-4063-A052-EDBFB8E5E833}.Release|Any CPU.Build.0 = Release|Any CPU
		{5F9385CA-5BDB-4063-A052-EDBFB8E5E833}.Release|x64.ActiveCfg = Release|Any CPU
		{5F9385CA-5BDB-4063-A052-EDBFB8E5E833}.Release|x64.Build.0 = Release|Any CPU
		{5F9385CA-5BDB-4063-A052-EDBFB8E5E833}.Release|x86.ActiveCfg = Release|Any CPU
		{5F9385CA-5BDB-4063-A052-EDBFB8E5E833}.Release|x86.Build.0 = Release|Any CPU
		{E195A3E4-FDC9-4351-9F3B-07B587B7E63B}.Debug|Any CPU.ActiveCfg = Debug|Any CPU
		{E195A3E4-FDC9-4351-9F3B-07B587B7E63B}.Debug|Any CPU.Build.0 = Debug|Any CPU
		{E195A3E4-FDC9-4351-9F3B-07B587B7E63B}.Debug|x64.ActiveCfg = Debug|Any CPU
		{E195A3E4-FDC9-4351-9F3B-07B587B7E63B}.Debug|x64.Build.0 = Debug|Any CPU
		{E195A3E4-FDC9-4351-9F3B-07B587B7E63B}.Debug|x86.ActiveCfg = Debug|Any CPU
		{E195A3E4-FDC9-4351-9F3B-07B587B7E63B}.Debug|x86.Build.0 = Debug|Any CPU
		{E195A3E4-FDC9-4351-9F3B-07B587B7E63B}.Release|Any CPU.ActiveCfg = Release|Any CPU
		{E195A3E4-FDC9-4351-9F3B-07B587B7E63B}.Release|Any CPU.Build.0 = Release|Any CPU
		{E195A3E4-FDC9-4351-9F3B-07B587B7E63B}.Release|x64.ActiveCfg = Release|Any CPU
		{E195A3E4-FDC9-4351-9F3B-07B587B7E63B}.Release|x64.Build.0 = Release|Any CPU
		{E195A3E4-FDC9-4351-9F3B-07B587B7E63B}.Release|x86.ActiveCfg = Release|Any CPU
		{E195A3E4-FDC9-4351-9F3B-07B587B7E63B}.Release|x86.Build.0 = Release|Any CPU
		{134A444D-4CD6-4EBE-B9BF-A03147A4D779}.Debug|Any CPU.ActiveCfg = Debug|Any CPU
		{134A444D-4CD6-4EBE-B9BF-A03147A4D779}.Debug|Any CPU.Build.0 = Debug|Any CPU
		{134A444D-4CD6-4EBE-B9BF-A03147A4D779}.Debug|x64.ActiveCfg = Debug|Any CPU
		{134A444D-4CD6-4EBE-B9BF-A03147A4D779}.Debug|x64.Build.0 = Debug|Any CPU
		{134A444D-4CD6-4EBE-B9BF-A03147A4D779}.Debug|x86.ActiveCfg = Debug|Any CPU
		{134A444D-4CD6-4EBE-B9BF-A03147A4D779}.Debug|x86.Build.0 = Debug|Any CPU
		{134A444D-4CD6-4EBE-B9BF-A03147A4D779}.Release|Any CPU.ActiveCfg = Release|Any CPU
		{134A444D-4CD6-4EBE-B9BF-A03147A4D779}.Release|Any CPU.Build.0 = Release|Any CPU
		{134A444D-4CD6-4EBE-B9BF-A03147A4D779}.Release|x64.ActiveCfg = Release|Any CPU
		{134A444D-4CD6-4EBE-B9BF-A03147A4D779}.Release|x64.Build.0 = Release|Any CPU
		{134A444D-4CD6-4EBE-B9BF-A03147A4D779}.Release|x86.ActiveCfg = Release|Any CPU
		{134A444D-4CD6-4EBE-B9BF-A03147A4D779}.Release|x86.Build.0 = Release|Any CPU
		{4D407AAE-A084-4F60-BB6E-535B42586A41}.Debug|Any CPU.ActiveCfg = Debug|Any CPU
		{4D407AAE-A084-4F60-BB6E-535B42586A41}.Debug|Any CPU.Build.0 = Debug|Any CPU
		{4D407AAE-A084-4F60-BB6E-535B42586A41}.Debug|x64.ActiveCfg = Debug|Any CPU
		{4D407AAE-A084-4F60-BB6E-535B42586A41}.Debug|x64.Build.0 = Debug|Any CPU
		{4D407AAE-A084-4F60-BB6E-535B42586A41}.Debug|x86.ActiveCfg = Debug|Any CPU
		{4D407AAE-A084-4F60-BB6E-535B42586A41}.Debug|x86.Build.0 = Debug|Any CPU
		{4D407AAE-A084-4F60-BB6E-535B42586A41}.Release|Any CPU.ActiveCfg = Release|Any CPU
		{4D407AAE-A084-4F60-BB6E-535B42586A41}.Release|Any CPU.Build.0 = Release|Any CPU
		{4D407AAE-A084-4F60-BB6E-535B42586A41}.Release|x64.ActiveCfg = Release|Any CPU
		{4D407AAE-A084-4F60-BB6E-535B42586A41}.Release|x64.Build.0 = Release|Any CPU
		{4D407AAE-A084-4F60-BB6E-535B42586A41}.Release|x86.ActiveCfg = Release|Any CPU
		{4D407AAE-A084-4F60-BB6E-535B42586A41}.Release|x86.Build.0 = Release|Any CPU
		{223666F2-AAE2-41C2-B28C-5A95FA69AA0D}.Debug|Any CPU.ActiveCfg = Debug|Any CPU
		{223666F2-AAE2-41C2-B28C-5A95FA69AA0D}.Debug|Any CPU.Build.0 = Debug|Any CPU
		{223666F2-AAE2-41C2-B28C-5A95FA69AA0D}.Debug|x64.ActiveCfg = Debug|Any CPU
		{223666F2-AAE2-41C2-B28C-5A95FA69AA0D}.Debug|x64.Build.0 = Debug|Any CPU
		{223666F2-AAE2-41C2-B28C-5A95FA69AA0D}.Debug|x86.ActiveCfg = Debug|Any CPU
		{223666F2-AAE2-41C2-B28C-5A95FA69AA0D}.Debug|x86.Build.0 = Debug|Any CPU
		{223666F2-AAE2-41C2-B28C-5A95FA69AA0D}.Release|Any CPU.ActiveCfg = Release|Any CPU
		{223666F2-AAE2-41C2-B28C-5A95FA69AA0D}.Release|Any CPU.Build.0 = Release|Any CPU
		{223666F2-AAE2-41C2-B28C-5A95FA69AA0D}.Release|x64.ActiveCfg = Release|Any CPU
		{223666F2-AAE2-41C2-B28C-5A95FA69AA0D}.Release|x64.Build.0 = Release|Any CPU
		{223666F2-AAE2-41C2-B28C-5A95FA69AA0D}.Release|x86.ActiveCfg = Release|Any CPU
		{223666F2-AAE2-41C2-B28C-5A95FA69AA0D}.Release|x86.Build.0 = Release|Any CPU
		{C745EF46-0B94-9C5B-0ECF-0D66E7B150FF}.Debug|Any CPU.ActiveCfg = Debug|Any CPU
		{C745EF46-0B94-9C5B-0ECF-0D66E7B150FF}.Debug|Any CPU.Build.0 = Debug|Any CPU
		{C745EF46-0B94-9C5B-0ECF-0D66E7B150FF}.Debug|x64.ActiveCfg = Debug|Any CPU
		{C745EF46-0B94-9C5B-0ECF-0D66E7B150FF}.Debug|x64.Build.0 = Debug|Any CPU
		{C745EF46-0B94-9C5B-0ECF-0D66E7B150FF}.Debug|x86.ActiveCfg = Debug|Any CPU
		{C745EF46-0B94-9C5B-0ECF-0D66E7B150FF}.Debug|x86.Build.0 = Debug|Any CPU
		{C745EF46-0B94-9C5B-0ECF-0D66E7B150FF}.Release|Any CPU.ActiveCfg = Release|Any CPU
		{C745EF46-0B94-9C5B-0ECF-0D66E7B150FF}.Release|Any CPU.Build.0 = Release|Any CPU
		{C745EF46-0B94-9C5B-0ECF-0D66E7B150FF}.Release|x64.ActiveCfg = Release|Any CPU
		{C745EF46-0B94-9C5B-0ECF-0D66E7B150FF}.Release|x64.Build.0 = Release|Any CPU
		{C745EF46-0B94-9C5B-0ECF-0D66E7B150FF}.Release|x86.ActiveCfg = Release|Any CPU
		{C745EF46-0B94-9C5B-0ECF-0D66E7B150FF}.Release|x86.Build.0 = Release|Any CPU
		{4CD53201-EB53-4D17-B25F-DB88FCB8BDE0}.Debug|Any CPU.ActiveCfg = Debug|Any CPU
		{4CD53201-EB53-4D17-B25F-DB88FCB8BDE0}.Debug|Any CPU.Build.0 = Debug|Any CPU
		{4CD53201-EB53-4D17-B25F-DB88FCB8BDE0}.Debug|x64.ActiveCfg = Debug|Any CPU
		{4CD53201-EB53-4D17-B25F-DB88FCB8BDE0}.Debug|x64.Build.0 = Debug|Any CPU
		{4CD53201-EB53-4D17-B25F-DB88FCB8BDE0}.Debug|x86.ActiveCfg = Debug|Any CPU
		{4CD53201-EB53-4D17-B25F-DB88FCB8BDE0}.Debug|x86.Build.0 = Debug|Any CPU
		{4CD53201-EB53-4D17-B25F-DB88FCB8BDE0}.Release|Any CPU.ActiveCfg = Release|Any CPU
		{4CD53201-EB53-4D17-B25F-DB88FCB8BDE0}.Release|Any CPU.Build.0 = Release|Any CPU
		{4CD53201-EB53-4D17-B25F-DB88FCB8BDE0}.Release|x64.ActiveCfg = Release|Any CPU
		{4CD53201-EB53-4D17-B25F-DB88FCB8BDE0}.Release|x64.Build.0 = Release|Any CPU
		{4CD53201-EB53-4D17-B25F-DB88FCB8BDE0}.Release|x86.ActiveCfg = Release|Any CPU
		{4CD53201-EB53-4D17-B25F-DB88FCB8BDE0}.Release|x86.Build.0 = Release|Any CPU
		{2A5D19ED-A1B1-4731-AF99-61456513E7C6}.Debug|Any CPU.ActiveCfg = Debug|Any CPU
		{2A5D19ED-A1B1-4731-AF99-61456513E7C6}.Debug|Any CPU.Build.0 = Debug|Any CPU
		{2A5D19ED-A1B1-4731-AF99-61456513E7C6}.Debug|x64.ActiveCfg = Debug|Any CPU
		{2A5D19ED-A1B1-4731-AF99-61456513E7C6}.Debug|x64.Build.0 = Debug|Any CPU
		{2A5D19ED-A1B1-4731-AF99-61456513E7C6}.Debug|x86.ActiveCfg = Debug|Any CPU
		{2A5D19ED-A1B1-4731-AF99-61456513E7C6}.Debug|x86.Build.0 = Debug|Any CPU
		{2A5D19ED-A1B1-4731-AF99-61456513E7C6}.Release|Any CPU.ActiveCfg = Release|Any CPU
		{2A5D19ED-A1B1-4731-AF99-61456513E7C6}.Release|Any CPU.Build.0 = Release|Any CPU
		{2A5D19ED-A1B1-4731-AF99-61456513E7C6}.Release|x64.ActiveCfg = Release|Any CPU
		{2A5D19ED-A1B1-4731-AF99-61456513E7C6}.Release|x64.Build.0 = Release|Any CPU
		{2A5D19ED-A1B1-4731-AF99-61456513E7C6}.Release|x86.ActiveCfg = Release|Any CPU
		{2A5D19ED-A1B1-4731-AF99-61456513E7C6}.Release|x86.Build.0 = Release|Any CPU
	EndGlobalSection
	GlobalSection(SolutionProperties) = preSolution
		HideSolutionNode = FALSE
	EndGlobalSection
	GlobalSection(NestedProjects) = preSolution
		{5F9385CA-5BDB-4063-A052-EDBFB8E5E833} = {827E0CD3-B72D-47B6-A68D-7590B98EB39B}
		{E195A3E4-FDC9-4351-9F3B-07B587B7E63B} = {827E0CD3-B72D-47B6-A68D-7590B98EB39B}
		{134A444D-4CD6-4EBE-B9BF-A03147A4D779} = {827E0CD3-B72D-47B6-A68D-7590B98EB39B}
		{4D407AAE-A084-4F60-BB6E-535B42586A41} = {827E0CD3-B72D-47B6-A68D-7590B98EB39B}
		{223666F2-AAE2-41C2-B28C-5A95FA69AA0D} = {827E0CD3-B72D-47B6-A68D-7590B98EB39B}
		{25A8C428-D371-4F5B-82FF-7EBC6A142DF2} = {02EA681E-C7D8-13C7-8484-4AC65E1B71E8}
		{C745EF46-0B94-9C5B-0ECF-0D66E7B150FF} = {827E0CD3-B72D-47B6-A68D-7590B98EB39B}
		{4CD53201-EB53-4D17-B25F-DB88FCB8BDE0} = {827E0CD3-B72D-47B6-A68D-7590B98EB39B}
		{2A5D19ED-A1B1-4731-AF99-61456513E7C6} = {827E0CD3-B72D-47B6-A68D-7590B98EB39B}
	EndGlobalSection
	GlobalSection(ExtensibilityGlobals) = postSolution
		SolutionGuid = {92D8DFE5-1E87-4954-A94F-4C07C8AD2996}
	EndGlobalSection
EndGlobal
